
Microsoft Visual Studio Solution File, Format Version 12.00
# Visual Studio Version 17
VisualStudioVersion = 17.13.35931.197 d17.13
MinimumVisualStudioVersion = 10.0.40219.1
Project("{888888A0-9F3D-457C-B088-3A5042F75D52}") = "Reciprocal-Tariff", "Reciprocal-Tariff.pyproj", "{4DD34961-F2E0-4E00-8433-81A441B24B8C}"
EndProject
Global
	GlobalSection(SolutionConfigurationPlatforms) = preSolution
		Debug|Any CPU = Debug|Any CPU
		Release|Any CPU = Release|Any CPU
	EndGlobalSection
	GlobalSection(ProjectConfigurationPlatforms) = postSolution
		{4DD34961-F2E0-4E00-8433-81A441B24B8C}.Debug|Any CPU.ActiveCfg = Debug|Any CPU
		{4DD34961-F2E0-4E00-8433-81A441B24B8C}.Release|Any CPU.ActiveCfg = Release|Any CPU
	EndGlobalSection
	GlobalSection(SolutionProperties) = preSolution
		HideSolutionNode = FALSE
	EndGlobalSection
	GlobalSection(ExtensibilityGlobals) = postSolution
		SolutionGuid = {6349D157-6FC5-4C26-AF13-293DCFEA8F15}
	EndGlobalSection
EndGlobal
